
Microsoft Visual Studio Solution File, Format Version 12.00
# Visual Studio 15
VisualStudioVersion = 15.0.26430.14
MinimumVisualStudioVersion = 10.0.40219.1
Project("{FAE04EC0-301F-11D3-BF4B-00C04F79EFBC}") = "FYP_Tirza", "FYP_Tirza\FYP_Tirza.csproj", "{5C006332-AA35-431A-8B5C-96E2DD08BC76}"
EndProject
Global
	GlobalSection(SolutionConfigurationPlatforms) = preSolution
		Debug|Any CPU = Debug|Any CPU
		Release|Any CPU = Release|Any CPU
	EndGlobalSection
	GlobalSection(ProjectConfigurationPlatforms) = postSolution
		{5C006332-AA35-431A-8B5C-96E2DD08BC76}.Debug|Any CPU.ActiveCfg = Debug|Any CPU
		{5C006332-AA35-431A-8B5C-96E2DD08BC76}.Debug|Any CPU.Build.0 = Debug|Any CPU
		{5C006332-AA35-431A-8B5C-96E2DD08BC76}.Release|Any CPU.ActiveCfg = Release|Any CPU
		{5C006332-AA35-431A-8B5C-96E2DD08BC76}.Release|Any CPU.Build.0 = Release|Any CPU
	EndGlobalSection
	GlobalSection(SolutionProperties) = preSolution
		HideSolutionNode = FALSE
	EndGlobalSection
EndGlobal
